[[package]]
name = "beautifulsoup4"
version = "4.10.0"
description = "Screen-scraping library"
category = "main"
optional = false
python-versions = ">3.0.0"

[package.dependencies]
soupsieve = ">1.2"

[package.extras]
html5lib = ["html5lib"]
lxml = ["lxml"]

[[package]]
name = "bs4"
version = "0.0.1"
description = "Dummy package for Beautiful Soup"
category = "main"
optional = false
python-versions = "*"

[package.dependencies]
beautifulsoup4 = "*"

[[package]]
name = "certifi"
version = "2021.10.8"
description = "Python package for providing Mozilla's CA Bundle."
category = "main"
optional = false
python-versions = "*"

[[package]]
name = "charset-normalizer"
version = "2.0.12"
description = "The Real First Universal Charset Detector. Open, modern and actively maintained alternative to Chardet."
category = "main"
optional = false
python-versions = ">=3.5.0"

[package.extras]
unicode_backport = ["unicodedata2"]

[[package]]
name = "idna"
version = "3.3"
description = "Internationalized Domain Names in Applications (IDNA)"
category = "main"
optional = false
python-versions = ">=3.5"

[[package]]
name = "numpy"
version = "1.22.2"
description = "NumPy is the fundamental package for array computing with Python."
category = "main"
optional = false
python-versions = ">=3.8"

[[package]]
name = "requests"
version = "2.27.1"
description = "Python HTTP for Humans."
category = "main"
optional = false
python-versions = ">=2.7, !=3.0.*, !=3.1.*, !=3.2.*, !=3.3.*, !=3.4.*, !=3.5.*"

[package.dependencies]
certifi = ">=2017.4.17"
charset-normalizer = {version = ">=2.0.0,<2.1.0", markers = "python_version >= \"3\""}
idna = {version = ">=2.5,<4", markers = "python_version >= \"3\""}
urllib3 = ">=1.21.1,<1.27"

[package.extras]
socks = ["PySocks (>=1.5.6,!=1.5.7)", "win-inet-pton"]
use_chardet_on_py3 = ["chardet (>=3.0.2,<5)"]

[[package]]
name = "soupsieve"
version = "2.3.1"
description = "A modern CSS selector implementation for Beautiful Soup."
category = "main"
optional = false
python-versions = ">=3.6"

[[package]]
name = "urllib3"
version = "1.26.8"
description = "HTTP library with thread-safe connection pooling, file post, and more."
category = "main"
optional = false
python-versions = ">=2.7, !=3.0.*, !=3.1.*, !=3.2.*, !=3.3.*, !=3.4.*, <4"

[package.extras]
brotli = ["brotlipy (>=0.6.0)"]
secure = ["pyOpenSSL (>=0.14)", "cryptography (>=1.3.4)", "idna (>=2.0.0)", "certifi", "ipaddress"]
socks = ["PySocks (>=1.5.6,!=1.5.7,<2.0)"]

[metadata]
lock-version = "1.1"
python-versions = ">=3.8.0,<3.9"
content-hash = "c219b007fd26da0bcc5add9b3829017c1c9b8d3b918e42ede9fbd6ef4ba67c4b"

[metadata.files]
beautifulsoup4 = [
    {file = "beautifulsoup4-4.10.0-py3-none-any.whl", hash = "sha256:9a315ce70049920ea4572a4055bc4bd700c940521d36fc858205ad4fcde149bf"},
    {file = "beautifulsoup4-4.10.0.tar.gz", hash = "sha256:c23ad23c521d818955a4151a67d81580319d4bf548d3d49f4223ae041ff98891"},
]
bs4 = [
    {file = "bs4-0.0.1.tar.gz", hash = "sha256:36ecea1fd7cc5c0c6e4a1ff075df26d50da647b75376626cc186e2212886dd3a"},
]
certifi = [
    {file = "certifi-2021.10.8-py2.py3-none-any.whl", hash = "sha256:d62a0163eb4c2344ac042ab2bdf75399a71a2d8c7d47eac2e2ee91b9d6339569"},
    {file = "certifi-2021.10.8.tar.gz", hash = "sha256:78884e7c1d4b00ce3cea67b44566851c4343c120abd683433ce934a68ea58872"},
]
charset-normalizer = [
    {file = "charset-normalizer-2.0.12.tar.gz", hash = "sha256:2857e29ff0d34db842cd7ca3230549d1a697f96ee6d3fb071cfa6c7393832597"},
    {file = "charset_normalizer-2.0.12-py3-none-any.whl", hash = "sha256:6881edbebdb17b39b4eaaa821b438bf6eddffb4468cf344f09f89def34a8b1df"},
]
idna = [
    {file = "idna-3.3-py3-none-any.whl", hash = "sha256:84d9dd047ffa80596e0f246e2eab0b391788b0503584e8945f2368256d2735ff"},
    {file = "idna-3.3.tar.gz", hash = "sha256:9d643ff0a55b762d5cdb124b8eaa99c66322e2157b69160bc32796e824360e6d"},
]
numpy = [
    {file = "numpy-1.22.2-cp310-cp310-macosx_10_14_x86_64.whl", hash = "sha256:515a8b6edbb904594685da6e176ac9fbea8f73a5ebae947281de6613e27f1956"},
    {file = "numpy-1.22.2-cp310-cp310-macosx_11_0_arm64.whl", hash = "sha256:76a4f9bce0278becc2da7da3b8ef854bed41a991f4226911a24a9711baad672c"},
    {file = "numpy-1.22.2-cp310-cp310-manylinux_2_17_aarch64.manylinux2014_aarch64.whl", hash = "sha256:168259b1b184aa83a514f307352c25c56af111c269ffc109d9704e81f72e764b"},
    {file = "numpy-1.22.2-cp310-cp310-manylinux_2_17_x86_64.manylinux2014_x86_64.whl", hash = "sha256:3556c5550de40027d3121ebbb170f61bbe19eb639c7ad0c7b482cd9b560cd23b"},
    {file = "numpy-1.22.2-cp310-cp310-win_amd64.whl", hash = "sha256:aafa46b5a39a27aca566198d3312fb3bde95ce9677085efd02c86f7ef6be4ec7"},
    {file = "numpy-1.22.2-cp38-cp38-macosx_10_14_x86_64.whl", hash = "sha256:55535c7c2f61e2b2fc817c5cbe1af7cb907c7f011e46ae0a52caa4be1f19afe2"},
    {file = "numpy-1.22.2-cp38-cp38-macosx_11_0_arm64.whl", hash = "sha256:60cb8e5933193a3cc2912ee29ca331e9c15b2da034f76159b7abc520b3d1233a"},
    {file = "numpy-1.22.2-cp38-cp38-manylinux_2_17_aarch64.manylinux2014_aarch64.whl", hash = "sha256:0b536b6840e84c1c6a410f3a5aa727821e6108f3454d81a5cd5900999ef04f89"},
    {file = "numpy-1.22.2-cp38-cp38-manylinux_2_17_x86_64.manylinux2014_x86_64.whl", hash = "sha256:2638389562bda1635b564490d76713695ff497242a83d9b684d27bb4a6cc9d7a"},
    {file = "numpy-1.22.2-cp38-cp38-win32.whl", hash = "sha256:6767ad399e9327bfdbaa40871be4254d1995f4a3ca3806127f10cec778bd9896"},
    {file = "numpy-1.22.2-cp38-cp38-win_amd64.whl", hash = "sha256:03ae5850619abb34a879d5f2d4bb4dcd025d6d8fb72f5e461dae84edccfe129f"},
    {file = "numpy-1.22.2-cp39-cp39-macosx_10_14_x86_64.whl", hash = "sha256:d76a26c5118c4d96e264acc9e3242d72e1a2b92e739807b3b69d8d47684b6677"},
    {file = "numpy-1.22.2-cp39-cp39-macosx_11_0_arm64.whl", hash = "sha256:15efb7b93806d438e3bc590ca8ef2f953b0ce4f86f337ef4559d31ec6cf9d7dd"},
    {file = "numpy-1.22.2-cp39-cp39-manylinux_2_17_aarch64.manylinux2014_aarch64.whl", hash = "sha256:badca914580eb46385e7f7e4e426fea6de0a37b9e06bec252e481ae7ec287082"},
    {file = "numpy-1.22.2-cp39-cp39-manylinux_2_17_x86_64.manylinux2014_x86_64.whl", hash = "sha256:94dd11d9f13ea1be17bac39c1942f527cbf7065f94953cf62dfe805653da2f8f"},
    {file = "numpy-1.22.2-cp39-cp39-win32.whl", hash = "sha256:8cf33634b60c9cef346663a222d9841d3bbbc0a2f00221d6bcfd0d993d5543f6"},
    {file = "numpy-1.22.2-cp39-cp39-win_amd64.whl", hash = "sha256:59153979d60f5bfe9e4c00e401e24dfe0469ef8da6d68247439d3278f30a180f"},
    {file = "numpy-1.22.2-pp38-pypy38_pp73-manylinux_2_17_x86_64.manylinux2014_x86_64.whl", hash = "sha256:4a176959b6e7e00b5a0d6f549a479f869829bfd8150282c590deee6d099bbb6e"},
    {file = "numpy-1.22.2.zip", hash = "sha256:076aee5a3763d41da6bef9565fdf3cb987606f567cd8b104aded2b38b7b47abf"},
]
requests = [
    {file = "requests-2.27.1-py2.py3-none-any.whl", hash = "sha256:f22fa1e554c9ddfd16e6e41ac79759e17be9e492b3587efa038054674760e72d"},
    {file = "requests-2.27.1.tar.gz", hash = "sha256:68d7c56fd5a8999887728ef304a6d12edc7be74f1cfa47714fc8b414525c9a61"},
]
soupsieve = [
    {file = "soupsieve-2.3.1-py3-none-any.whl", hash = "sha256:1a3cca2617c6b38c0343ed661b1fa5de5637f257d4fe22bd9f1338010a1efefb"},
    {file = "soupsieve-2.3.1.tar.gz", hash = "sha256:b8d49b1cd4f037c7082a9683dfa1801aa2597fb11c3a1155b7a5b94829b4f1f9"},
]
urllib3 = [
    {file = "urllib3-1.26.8-py2.py3-none-any.whl", hash = "sha256:000ca7f471a233c2251c6c7023ee85305721bfdf18621ebff4fd17a8653427ed"},
    {file = "urllib3-1.26.8.tar.gz", hash = "sha256:0e7c33d9a63e7ddfcb86780aac87befc2fbddf46c58dbb487e0855f7ceec283c"},
]
